
Microsoft Visual Studio Solution File, Format Version 12.00
# Visual Studio Version 17
VisualStudioVersion = 17.0.31903.59
MinimumVisualStudioVersion = 10.0.40219.1
Project("{FAE04EC0-301F-11D3-BF4B-00C04F79EFBC}") = "Abdullah-Hassan-Abdo_Lab3", "Abdullah-Hassan-Abdo_Lab3\Abdullah-Hassan-Abdo_Lab3.csproj", "{44BBE854-23B6-4790-BE12-D11179E12DEC}"
EndProject
Global
	GlobalSection(SolutionConfigurationPlatforms) = preSolution
		Debug|Any CPU = Debug|Any CPU
		Release|Any CPU = Release|Any CPU
	EndGlobalSection
	GlobalSection(ProjectConfigurationPlatforms) = postSolution
		{44BBE854-23B6-4790-BE12-D11179E12DEC}.Debug|Any CPU.ActiveCfg = Debug|Any CPU
		{44BBE854-23B6-4790-BE12-D11179E12DEC}.Debug|Any CPU.Build.0 = Debug|Any CPU
		{44BBE854-23B6-4790-BE12-D11179E12DEC}.Release|Any CPU.ActiveCfg = Release|Any CPU
		{44BBE854-23B6-4790-BE12-D11179E12DEC}.Release|Any CPU.Build.0 = Release|Any CPU
	EndGlobalSection
	GlobalSection(SolutionProperties) = preSolution
		HideSolutionNode = FALSE
	EndGlobalSection
	GlobalSection(ExtensibilityGlobals) = postSolution
		SolutionGuid = {644D7944-8AFC-4992-85C1-E898D962D4A4}
	EndGlobalSection
EndGlobal
